
Microsoft Visual Studio Solution File, Format Version 12.00
# Visual Studio Version 16
VisualStudioVersion = 16.0.30717.126
MinimumVisualStudioVersion = 10.0.40219.1
Project("{FAE04EC0-301F-11D3-BF4B-00C04F79EFBC}") = "AoC_2020", "AoC_2020\AoC_2020.csproj", "{3BD7F61F-78B8-4BB8-A661-09EF3C7D4713}"
EndProject
Global
	GlobalSection(SolutionConfigurationPlatforms) = preSolution
		Debug|Any CPU = Debug|Any CPU
		Release|Any CPU = Release|Any CPU
	EndGlobalSection
	GlobalSection(ProjectConfigurationPlatforms) = postSolution
		{3BD7F61F-78B8-4BB8-A661-09EF3C7D4713}.Debug|Any CPU.ActiveCfg = Debug|Any CPU
		{3BD7F61F-78B8-4BB8-A661-09EF3C7D4713}.Debug|Any CPU.Build.0 = Debug|Any CPU
		{3BD7F61F-78B8-4BB8-A661-09EF3C7D4713}.Release|Any CPU.ActiveCfg = Release|Any CPU
		{3BD7F61F-78B8-4BB8-A661-09EF3C7D4713}.Release|Any CPU.Build.0 = Release|Any CPU
	EndGlobalSection
	GlobalSection(SolutionProperties) = preSolution
		HideSolutionNode = FALSE
	EndGlobalSection
	GlobalSection(ExtensibilityGlobals) = postSolution
		SolutionGuid = {C3FDF40C-8018-4B46-8538-92E05686FF58}
	EndGlobalSection
EndGlobal
